Microsoft Visual Studio Solution File, Format Version 12.00
# Visual Studio 15
Project("{2150E333-8FDC-42A3-9474-1A3956D46DE8}") = "CMakePredefinedTargets", "CMakePredefinedTargets", "{80A79A47-A736-3136-98D5-13C2292483F6}"
EndProject
Project("{2150E333-8FDC-42A3-9474-1A3956D46DE8}") = "GLFW3", "GLFW3", "{C36A7021-2BC2-39D1-B1E0-1B29F5E03FCB}"
EndProject
Project("{2150E333-8FDC-42A3-9474-1A3956D46DE8}") = "Examples", "GLFW3\Examples", "{E11673D6-B1B2-32B1-B23A-D0AB4FAE72D6}"
EndProject
Project("{2150E333-8FDC-42A3-9474-1A3956D46DE8}") = "Tests", "GLFW3\Tests", "{5E5197DD-94F6-3CFE-9F5B-49A9D4A879B1}"
EndProject
Project("{8BC9CEB8-8B4A-11D0-8D11-00A0C91BC942}") = "ALL_BUILD", "ALL_BUILD.vcxproj", "{1C9D3651-0375-3583-A495-CA4FCE49DD3C}"
	ProjectSection(ProjectDependencies) = postProject
		{15B5DBE3-2B76-361C-986B-2A268E83D7F9} = {15B5DBE3-2B76-361C-986B-2A268E83D7F9}
		{D0DA97A9-894C-3530-A367-526A91A592D8} = {D0DA97A9-894C-3530-A367-526A91A592D8}
		{DDCD4225-B64E-3B38-9B01-E7BCBB1BDC21} = {DDCD4225-B64E-3B38-9B01-E7BCBB1BDC21}
		{036655F2-5617-385E-B53D-618986C8F00C} = {036655F2-5617-385E-B53D-618986C8F00C}
		{27B4276D-71E2-35E8-B51B-ACD9C0D61D27} = {27B4276D-71E2-35E8-B51B-ACD9C0D61D27}
		{34B08563-E311-3941-8557-22925E0CFBA3} = {34B08563-E311-3941-8557-22925E0CFBA3}
		{5BBF0FAB-2824-3EDF-BC04-A8D52E3DCDDF} = {5BBF0FAB-2824-3EDF-BC04-A8D52E3DCDDF}
		{0856442E-0C53-3422-BA5B-940FC442F187} = {0856442E-0C53-3422-BA5B-940FC442F187}
		{91A86981-906D-3332-BFFD-658AAF0F22B8} = {91A86981-906D-3332-BFFD-658AAF0F22B8}
		{2690886E-462F-3225-8121-8E931B96D2C0} = {2690886E-462F-3225-8121-8E931B96D2C0}
		{F57533B8-9385-3500-ADB8-4193441F1621} = {F57533B8-9385-3500-ADB8-4193441F1621}
		{DC4631A7-8BC9-3205-AB36-1224D34FD9F8} = {DC4631A7-8BC9-3205-AB36-1224D34FD9F8}
		{03CF116B-A914-379B-97FE-620FF094F072} = {03CF116B-A914-379B-97FE-620FF094F072}
		{3ED6635D-B59D-3D9E-A3F8-D7EBAD8F5C26} = {3ED6635D-B59D-3D9E-A3F8-D7EBAD8F5C26}
		{DB382BE0-B4C6-303B-A31D-A0905DE6B4FF} = {DB382BE0-B4C6-303B-A31D-A0905DE6B4FF}
		{68130E3C-DCF2-3613-9DC6-AFB0D7779004} = {68130E3C-DCF2-3613-9DC6-AFB0D7779004}
		{D02CB004-185B-38C0-A903-A7459FF55E3B} = {D02CB004-185B-38C0-A903-A7459FF55E3B}
		{97460F13-E02D-318D-9D85-0801982C7C6B} = {97460F13-E02D-318D-9D85-0801982C7C6B}
		{AD330601-58F4-35C2-86FA-42AAECC7B5A1} = {AD330601-58F4-35C2-86FA-42AAECC7B5A1}
		{62FB629C-2206-376A-BA82-7676F3035C2C} = {62FB629C-2206-376A-BA82-7676F3035C2C}
		{A7541456-8079-370B-A34C-73F304F8C068} = {A7541456-8079-370B-A34C-73F304F8C068}
		{3263D6EE-EEBD-3EE1-BF3E-53B1F417736D} = {3263D6EE-EEBD-3EE1-BF3E-53B1F417736D}
		{343C79C1-1261-32D9-B768-F64431F30932} = {343C79C1-1261-32D9-B768-F64431F30932}
		{88ABE47E-57DA-3C03-9A25-D031E0861A03} = {88ABE47E-57DA-3C03-9A25-D031E0861A03}
		{A675D3D0-F9FC-329D-A48F-3A58DB799DBC} = {A675D3D0-F9FC-329D-A48F-3A58DB799DBC}
		{728A6D50-76E8-3FA8-9E66-FF7D9AAA1B41} = {728A6D50-76E8-3FA8-9E66-FF7D9AAA1B41}
		{C3EFA2C2-64BD-3DCA-B12C-9B60075FD959} = {C3EFA2C2-64BD-3DCA-B12C-9B60075FD959}
		{B2D8CFAC-48EF-3EDE-AE18-EDA4864E2E1B} = {B2D8CFAC-48EF-3EDE-AE18-EDA4864E2E1B}
	EndProjectSection
EndProject
Project("{8BC9CEB8-8B4A-11D0-8D11-00A0C91BC942}") = "INSTALL", "INSTALL.vcxproj", "{70BC44AC-F357-3EAD-8690-712B01289C59}"
	ProjectSection(ProjectDependencies) = postProject
		{1C9D3651-0375-3583-A495-CA4FCE49DD3C} = {1C9D3651-0375-3583-A495-CA4FCE49DD3C}
		{15B5DBE3-2B76-361C-986B-2A268E83D7F9} = {15B5DBE3-2B76-361C-986B-2A268E83D7F9}
	EndProjectSection
EndProject
Project("{8BC9CEB8-8B4A-11D0-8D11-00A0C91BC942}") = "ZERO_CHECK", "ZERO_CHECK.vcxproj", "{15B5DBE3-2B76-361C-986B-2A268E83D7F9}"
	ProjectSection(ProjectDependencies) = postProject
	EndProjectSection
EndProject
Project("{8BC9CEB8-8B4A-11D0-8D11-00A0C91BC942}") = "boing", "examples\boing.vcxproj", "{D0DA97A9-894C-3530-A367-526A91A592D8}"
	ProjectSection(ProjectDependencies) = postProject
		{15B5DBE3-2B76-361C-986B-2A268E83D7F9} = {15B5DBE3-2B76-361C-986B-2A268E83D7F9}
		{2690886E-462F-3225-8121-8E931B96D2C0} = {2690886E-462F-3225-8121-8E931B96D2C0}
	EndProjectSection
EndProject
Project("{8BC9CEB8-8B4A-11D0-8D11-00A0C91BC942}") = "clipboard", "tests\clipboard.vcxproj", "{DDCD4225-B64E-3B38-9B01-E7BCBB1BDC21}"
	ProjectSection(ProjectDependencies) = postProject
		{15B5DBE3-2B76-361C-986B-2A268E83D7F9} = {15B5DBE3-2B76-361C-986B-2A268E83D7F9}
		{2690886E-462F-3225-8121-8E931B96D2C0} = {2690886E-462F-3225-8121-8E931B96D2C0}
	EndProjectSection
EndProject
Project("{8BC9CEB8-8B4A-11D0-8D11-00A0C91BC942}") = "cursor", "tests\cursor.vcxproj", "{036655F2-5617-385E-B53D-618986C8F00C}"
	ProjectSection(ProjectDependencies) = postProject
		{15B5DBE3-2B76-361C-986B-2A268E83D7F9} = {15B5DBE3-2B76-361C-986B-2A268E83D7F9}
		{2690886E-462F-3225-8121-8E931B96D2C0} = {2690886E-462F-3225-8121-8E931B96D2C0}
	EndProjectSection
EndProject
Project("{8BC9CEB8-8B4A-11D0-8D11-00A0C91BC942}") = "docs", "docs\docs.vcxproj", "{27B4276D-71E2-35E8-B51B-ACD9C0D61D27}"
	ProjectSection(ProjectDependencies) = postProject
		{15B5DBE3-2B76-361C-986B-2A268E83D7F9} = {15B5DBE3-2B76-361C-986B-2A268E83D7F9}
	EndProjectSection
EndProject
Project("{8BC9CEB8-8B4A-11D0-8D11-00A0C91BC942}") = "empty", "tests\empty.vcxproj", "{34B08563-E311-3941-8557-22925E0CFBA3}"
	ProjectSection(ProjectDependencies) = postProject
		{15B5DBE3-2B76-361C-986B-2A268E83D7F9} = {15B5DBE3-2B76-361C-986B-2A268E83D7F9}
		{2690886E-462F-3225-8121-8E931B96D2C0} = {2690886E-462F-3225-8121-8E931B96D2C0}
	EndProjectSection
EndProject
Project("{8BC9CEB8-8B4A-11D0-8D11-00A0C91BC942}") = "events", "tests\events.vcxproj", "{5BBF0FAB-2824-3EDF-BC04-A8D52E3DCDDF}"
	ProjectSection(ProjectDependencies) = postProject
		{15B5DBE3-2B76-361C-986B-2A268E83D7F9} = {15B5DBE3-2B76-361C-986B-2A268E83D7F9}
		{2690886E-462F-3225-8121-8E931B96D2C0} = {2690886E-462F-3225-8121-8E931B96D2C0}
	EndProjectSection
EndProject
Project("{8BC9CEB8-8B4A-11D0-8D11-00A0C91BC942}") = "gamma", "tests\gamma.vcxproj", "{0856442E-0C53-3422-BA5B-940FC442F187}"
	ProjectSection(ProjectDependencies) = postProject
		{15B5DBE3-2B76-361C-986B-2A268E83D7F9} = {15B5DBE3-2B76-361C-986B-2A268E83D7F9}
		{2690886E-462F-3225-8121-8E931B96D2C0} = {2690886E-462F-3225-8121-8E931B96D2C0}
	EndProjectSection
EndProject
Project("{8BC9CEB8-8B4A-11D0-8D11-00A0C91BC942}") = "gears", "examples\gears.vcxproj", "{91A86981-906D-3332-BFFD-658AAF0F22B8}"
	ProjectSection(ProjectDependencies) = postProject
		{15B5DBE3-2B76-361C-986B-2A268E83D7F9} = {15B5DBE3-2B76-361C-986B-2A268E83D7F9}
		{2690886E-462F-3225-8121-8E931B96D2C0} = {2690886E-462F-3225-8121-8E931B96D2C0}
	EndProjectSection
EndProject
Project("{8BC9CEB8-8B4A-11D0-8D11-00A0C91BC942}") = "glfw", "src\glfw.vcxproj", "{2690886E-462F-3225-8121-8E931B96D2C0}"
	ProjectSection(ProjectDependencies) = postProject
		{15B5DBE3-2B76-361C-986B-2A268E83D7F9} = {15B5DBE3-2B76-361C-986B-2A268E83D7F9}
	EndProjectSection
EndProject
Project("{8BC9CEB8-8B4A-11D0-8D11-00A0C91BC942}") = "glfwinfo", "tests\glfwinfo.vcxproj", "{F57533B8-9385-3500-ADB8-4193441F1621}"
	ProjectSection(ProjectDependencies) = postProject
		{15B5DBE3-2B76-361C-986B-2A268E83D7F9} = {15B5DBE3-2B76-361C-986B-2A268E83D7F9}
		{2690886E-462F-3225-8121-8E931B96D2C0} = {2690886E-462F-3225-8121-8E931B96D2C0}
	EndProjectSection
EndProject
Project("{8BC9CEB8-8B4A-11D0-8D11-00A0C91BC942}") = "heightmap", "examples\heightmap.vcxproj", "{DC4631A7-8BC9-3205-AB36-1224D34FD9F8}"
	ProjectSection(ProjectDependencies) = postProject
		{15B5DBE3-2B76-361C-986B-2A268E83D7F9} = {15B5DBE3-2B76-361C-986B-2A268E83D7F9}
		{2690886E-462F-3225-8121-8E931B96D2C0} = {2690886E-462F-3225-8121-8E931B96D2C0}
	EndProjectSection
EndProject
Project("{8BC9CEB8-8B4A-11D0-8D11-00A0C91BC942}") = "icon", "tests\icon.vcxproj", "{03CF116B-A914-379B-97FE-620FF094F072}"
	ProjectSection(ProjectDependencies) = postProject
		{15B5DBE3-2B76-361C-986B-2A268E83D7F9} = {15B5DBE3-2B76-361C-986B-2A268E83D7F9}
		{2690886E-462F-3225-8121-8E931B96D2C0} = {2690886E-462F-3225-8121-8E931B96D2C0}
	EndProjectSection
EndProject
Project("{8BC9CEB8-8B4A-11D0-8D11-00A0C91BC942}") = "iconify", "tests\iconify.vcxproj", "{3ED6635D-B59D-3D9E-A3F8-D7EBAD8F5C26}"
	ProjectSection(ProjectDependencies) = postProject
		{15B5DBE3-2B76-361C-986B-2A268E83D7F9} = {15B5DBE3-2B76-361C-986B-2A268E83D7F9}
		{2690886E-462F-3225-8121-8E931B96D2C0} = {2690886E-462F-3225-8121-8E931B96D2C0}
	EndProjectSection
EndProject
Project("{8BC9CEB8-8B4A-11D0-8D11-00A0C91BC942}") = "joysticks", "tests\joysticks.vcxproj", "{DB382BE0-B4C6-303B-A31D-A0905DE6B4FF}"
	ProjectSection(ProjectDependencies) = postProject
		{15B5DBE3-2B76-361C-986B-2A268E83D7F9} = {15B5DBE3-2B76-361C-986B-2A268E83D7F9}
		{2690886E-462F-3225-8121-8E931B96D2C0} = {2690886E-462F-3225-8121-8E931B96D2C0}
	EndProjectSection
EndProject
Project("{8BC9CEB8-8B4A-11D0-8D11-00A0C91BC942}") = "monitors", "tests\monitors.vcxproj", "{68130E3C-DCF2-3613-9DC6-AFB0D7779004}"
	ProjectSection(ProjectDependencies) = postProject
		{15B5DBE3-2B76-361C-986B-2A268E83D7F9} = {15B5DBE3-2B76-361C-986B-2A268E83D7F9}
		{2690886E-462F-3225-8121-8E931B96D2C0} = {2690886E-462F-3225-8121-8E931B96D2C0}
	EndProjectSection
EndProject
Project("{8BC9CEB8-8B4A-11D0-8D11-00A0C91BC942}") = "msaa", "tests\msaa.vcxproj", "{D02CB004-185B-38C0-A903-A7459FF55E3B}"
	ProjectSection(ProjectDependencies) = postProject
		{15B5DBE3-2B76-361C-986B-2A268E83D7F9} = {15B5DBE3-2B76-361C-986B-2A268E83D7F9}
		{2690886E-462F-3225-8121-8E931B96D2C0} = {2690886E-462F-3225-8121-8E931B96D2C0}
	EndProjectSection
EndProject
Project("{8BC9CEB8-8B4A-11D0-8D11-00A0C91BC942}") = "particles", "examples\particles.vcxproj", "{97460F13-E02D-318D-9D85-0801982C7C6B}"
	ProjectSection(ProjectDependencies) = postProject
		{15B5DBE3-2B76-361C-986B-2A268E83D7F9} = {15B5DBE3-2B76-361C-986B-2A268E83D7F9}
		{2690886E-462F-3225-8121-8E931B96D2C0} = {2690886E-462F-3225-8121-8E931B96D2C0}
	EndProjectSection
EndProject
Project("{8BC9CEB8-8B4A-11D0-8D11-00A0C91BC942}") = "reopen", "tests\reopen.vcxproj", "{AD330601-58F4-35C2-86FA-42AAECC7B5A1}"
	ProjectSection(ProjectDependencies) = postProject
		{15B5DBE3-2B76-361C-986B-2A268E83D7F9} = {15B5DBE3-2B76-361C-986B-2A268E83D7F9}
		{2690886E-462F-3225-8121-8E931B96D2C0} = {2690886E-462F-3225-8121-8E931B96D2C0}
	EndProjectSection
EndProject
Project("{8BC9CEB8-8B4A-11D0-8D11-00A0C91BC942}") = "sharing", "tests\sharing.vcxproj", "{62FB629C-2206-376A-BA82-7676F3035C2C}"
	ProjectSection(ProjectDependencies) = postProject
		{15B5DBE3-2B76-361C-986B-2A268E83D7F9} = {15B5DBE3-2B76-361C-986B-2A268E83D7F9}
		{2690886E-462F-3225-8121-8E931B96D2C0} = {2690886E-462F-3225-8121-8E931B96D2C0}
	EndProjectSection
EndProject
Project("{8BC9CEB8-8B4A-11D0-8D11-00A0C91BC942}") = "simple", "examples\simple.vcxproj", "{A7541456-8079-370B-A34C-73F304F8C068}"
	ProjectSection(ProjectDependencies) = postProject
		{15B5DBE3-2B76-361C-986B-2A268E83D7F9} = {15B5DBE3-2B76-361C-986B-2A268E83D7F9}
		{2690886E-462F-3225-8121-8E931B96D2C0} = {2690886E-462F-3225-8121-8E931B96D2C0}
	EndProjectSection
EndProject
Project("{8BC9CEB8-8B4A-11D0-8D11-00A0C91BC942}") = "splitview", "examples\splitview.vcxproj", "{3263D6EE-EEBD-3EE1-BF3E-53B1F417736D}"
	ProjectSection(ProjectDependencies) = postProject
		{15B5DBE3-2B76-361C-986B-2A268E83D7F9} = {15B5DBE3-2B76-361C-986B-2A268E83D7F9}
		{2690886E-462F-3225-8121-8E931B96D2C0} = {2690886E-462F-3225-8121-8E931B96D2C0}
	EndProjectSection
EndProject
Project("{8BC9CEB8-8B4A-11D0-8D11-00A0C91BC942}") = "tearing", "tests\tearing.vcxproj", "{343C79C1-1261-32D9-B768-F64431F30932}"
	ProjectSection(ProjectDependencies) = postProject
		{15B5DBE3-2B76-361C-986B-2A268E83D7F9} = {15B5DBE3-2B76-361C-986B-2A268E83D7F9}
		{2690886E-462F-3225-8121-8E931B96D2C0} = {2690886E-462F-3225-8121-8E931B96D2C0}
	EndProjectSection
EndProject
Project("{8BC9CEB8-8B4A-11D0-8D11-00A0C91BC942}") = "threads", "tests\threads.vcxproj", "{88ABE47E-57DA-3C03-9A25-D031E0861A03}"
	ProjectSection(ProjectDependencies) = postProject
		{15B5DBE3-2B76-361C-986B-2A268E83D7F9} = {15B5DBE3-2B76-361C-986B-2A268E83D7F9}
		{2690886E-462F-3225-8121-8E931B96D2C0} = {2690886E-462F-3225-8121-8E931B96D2C0}
	EndProjectSection
EndProject
Project("{8BC9CEB8-8B4A-11D0-8D11-00A0C91BC942}") = "timeout", "tests\timeout.vcxproj", "{A675D3D0-F9FC-329D-A48F-3A58DB799DBC}"
	ProjectSection(ProjectDependencies) = postProject
		{15B5DBE3-2B76-361C-986B-2A268E83D7F9} = {15B5DBE3-2B76-361C-986B-2A268E83D7F9}
		{2690886E-462F-3225-8121-8E931B96D2C0} = {2690886E-462F-3225-8121-8E931B96D2C0}
	EndProjectSection
EndProject
Project("{8BC9CEB8-8B4A-11D0-8D11-00A0C91BC942}") = "title", "tests\title.vcxproj", "{728A6D50-76E8-3FA8-9E66-FF7D9AAA1B41}"
	ProjectSection(ProjectDependencies) = postProject
		{15B5DBE3-2B76-361C-986B-2A268E83D7F9} = {15B5DBE3-2B76-361C-986B-2A268E83D7F9}
		{2690886E-462F-3225-8121-8E931B96D2C0} = {2690886E-462F-3225-8121-8E931B96D2C0}
	EndProjectSection
EndProject
Project("{8BC9CEB8-8B4A-11D0-8D11-00A0C91BC942}") = "uninstall", "uninstall.vcxproj", "{53D7F369-9731-3FC5-ACC2-B77745245CAE}"
	ProjectSection(ProjectDependencies) = postProject
		{15B5DBE3-2B76-361C-986B-2A268E83D7F9} = {15B5DBE3-2B76-361C-986B-2A268E83D7F9}
	EndProjectSection
EndProject
Project("{8BC9CEB8-8B4A-11D0-8D11-00A0C91BC942}") = "wave", "examples\wave.vcxproj", "{C3EFA2C2-64BD-3DCA-B12C-9B60075FD959}"
	ProjectSection(ProjectDependencies) = postProject
		{15B5DBE3-2B76-361C-986B-2A268E83D7F9} = {15B5DBE3-2B76-361C-986B-2A268E83D7F9}
		{2690886E-462F-3225-8121-8E931B96D2C0} = {2690886E-462F-3225-8121-8E931B96D2C0}
	EndProjectSection
EndProject
Project("{8BC9CEB8-8B4A-11D0-8D11-00A0C91BC942}") = "windows", "tests\windows.vcxproj", "{B2D8CFAC-48EF-3EDE-AE18-EDA4864E2E1B}"
	ProjectSection(ProjectDependencies) = postProject
		{15B5DBE3-2B76-361C-986B-2A268E83D7F9} = {15B5DBE3-2B76-361C-986B-2A268E83D7F9}
		{2690886E-462F-3225-8121-8E931B96D2C0} = {2690886E-462F-3225-8121-8E931B96D2C0}
	EndProjectSection
EndProject
Global
	GlobalSection(SolutionConfigurationPlatforms) = preSolution
		Debug|Win32 = Debug|Win32
		Release|Win32 = Release|Win32
		MinSizeRel|Win32 = MinSizeRel|Win32
		RelWithDebInfo|Win32 = RelWithDebInfo|Win32
	EndGlobalSection
	GlobalSection(ProjectConfigurationPlatforms) = postSolution
		{1C9D3651-0375-3583-A495-CA4FCE49DD3C}.Debug|Win32.ActiveCfg = Debug|Win32
		{1C9D3651-0375-3583-A495-CA4FCE49DD3C}.Debug|Win32.Build.0 = Debug|Win32
		{1C9D3651-0375-3583-A495-CA4FCE49DD3C}.Release|Win32.ActiveCfg = Release|Win32
		{1C9D3651-0375-3583-A495-CA4FCE49DD3C}.Release|Win32.Build.0 = Release|Win32
		{1C9D3651-0375-3583-A495-CA4FCE49DD3C}.MinSizeRel|Win32.ActiveCfg = MinSizeRel|Win32
		{1C9D3651-0375-3583-A495-CA4FCE49DD3C}.MinSizeRel|Win32.Build.0 = MinSizeRel|Win32
		{1C9D3651-0375-3583-A495-CA4FCE49DD3C}.RelWithDebInfo|Win32.ActiveCfg = RelWithDebInfo|Win32
		{1C9D3651-0375-3583-A495-CA4FCE49DD3C}.RelWithDebInfo|Win32.Build.0 = RelWithDebInfo|Win32
		{70BC44AC-F357-3EAD-8690-712B01289C59}.Debug|Win32.ActiveCfg = Debug|Win32
		{70BC44AC-F357-3EAD-8690-712B01289C59}.Release|Win32.ActiveCfg = Release|Win32
		{70BC44AC-F357-3EAD-8690-712B01289C59}.MinSizeRel|Win32.ActiveCfg = MinSizeRel|Win32
		{70BC44AC-F357-3EAD-8690-712B01289C59}.RelWithDebInfo|Win32.ActiveCfg = RelWithDebInfo|Win32
		{15B5DBE3-2B76-361C-986B-2A268E83D7F9}.Debug|Win32.ActiveCfg = Debug|Win32
		{15B5DBE3-2B76-361C-986B-2A268E83D7F9}.Debug|Win32.Build.0 = Debug|Win32
		{15B5DBE3-2B76-361C-986B-2A268E83D7F9}.Release|Win32.ActiveCfg = Release|Win32
		{15B5DBE3-2B76-361C-986B-2A268E83D7F9}.Release|Win32.Build.0 = Release|Win32
		{15B5DBE3-2B76-361C-986B-2A268E83D7F9}.MinSizeRel|Win32.ActiveCfg = MinSizeRel|Win32
		{15B5DBE3-2B76-361C-986B-2A268E83D7F9}.MinSizeRel|Win32.Build.0 = MinSizeRel|Win32
		{15B5DBE3-2B76-361C-986B-2A268E83D7F9}.RelWithDebInfo|Win32.ActiveCfg = RelWithDebInfo|Win32
		{15B5DBE3-2B76-361C-986B-2A268E83D7F9}.RelWithDebInfo|Win32.Build.0 = RelWithDebInfo|Win32
		{D0DA97A9-894C-3530-A367-526A91A592D8}.Debug|Win32.ActiveCfg = Debug|Win32
		{D0DA97A9-894C-3530-A367-526A91A592D8}.Debug|Win32.Build.0 = Debug|Win32
		{D0DA97A9-894C-3530-A367-526A91A592D8}.Release|Win32.ActiveCfg = Release|Win32
		{D0DA97A9-894C-3530-A367-526A91A592D8}.Release|Win32.Build.0 = Release|Win32
		{D0DA97A9-894C-3530-A367-526A91A592D8}.MinSizeRel|Win32.ActiveCfg = MinSizeRel|Win32
		{D0DA97A9-894C-3530-A367-526A91A592D8}.MinSizeRel|Win32.Build.0 = MinSizeRel|Win32
		{D0DA97A9-894C-3530-A367-526A91A592D8}.RelWithDebInfo|Win32.ActiveCfg = RelWithDebInfo|Win32
		{D0DA97A9-894C-3530-A367-526A91A592D8}.RelWithDebInfo|Win32.Build.0 = RelWithDebInfo|Win32
		{DDCD4225-B64E-3B38-9B01-E7BCBB1BDC21}.Debug|Win32.ActiveCfg = Debug|Win32
		{DDCD4225-B64E-3B38-9B01-E7BCBB1BDC21}.Debug|Win32.Build.0 = Debug|Win32
		{DDCD4225-B64E-3B38-9B01-E7BCBB1BDC21}.Release|Win32.ActiveCfg = Release|Win32
		{DDCD4225-B64E-3B38-9B01-E7BCBB1BDC21}.Release|Win32.Build.0 = Release|Win32
		{DDCD4225-B64E-3B38-9B01-E7BCBB1BDC21}.MinSizeRel|Win32.ActiveCfg = MinSizeRel|Win32
		{DDCD4225-B64E-3B38-9B01-E7BCBB1BDC21}.MinSizeRel|Win32.Build.0 = MinSizeRel|Win32
		{DDCD4225-B64E-3B38-9B01-E7BCBB1BDC21}.RelWithDebInfo|Win32.ActiveCfg = RelWithDebInfo|Win32
		{DDCD4225-B64E-3B38-9B01-E7BCBB1BDC21}.RelWithDebInfo|Win32.Build.0 = RelWithDebInfo|Win32
		{036655F2-5617-385E-B53D-618986C8F00C}.Debug|Win32.ActiveCfg = Debug|Win32
		{036655F2-5617-385E-B53D-618986C8F00C}.Debug|Win32.Build.0 = Debug|Win32
		{036655F2-5617-385E-B53D-618986C8F00C}.Release|Win32.ActiveCfg = Release|Win32
		{036655F2-5617-385E-B53D-618986C8F00C}.Release|Win32.Build.0 = Release|Win32
		{036655F2-5617-385E-B53D-618986C8F00C}.MinSizeRel|Win32.ActiveCfg = MinSizeRel|Win32
		{036655F2-5617-385E-B53D-618986C8F00C}.MinSizeRel|Win32.Build.0 = MinSizeRel|Win32
		{036655F2-5617-385E-B53D-618986C8F00C}.RelWithDebInfo|Win32.ActiveCfg = RelWithDebInfo|Win32
		{036655F2-5617-385E-B53D-618986C8F00C}.RelWithDebInfo|Win32.Build.0 = RelWithDebInfo|Win32
		{27B4276D-71E2-35E8-B51B-ACD9C0D61D27}.Debug|Win32.ActiveCfg = Debug|Win32
		{27B4276D-71E2-35E8-B51B-ACD9C0D61D27}.Debug|Win32.Build.0 = Debug|Win32
		{27B4276D-71E2-35E8-B51B-ACD9C0D61D27}.Release|Win32.ActiveCfg = Release|Win32
		{27B4276D-71E2-35E8-B51B-ACD9C0D61D27}.Release|Win32.Build.0 = Release|Win32
		{27B4276D-71E2-35E8-B51B-ACD9C0D61D27}.MinSizeRel|Win32.ActiveCfg = MinSizeRel|Win32
		{27B4276D-71E2-35E8-B51B-ACD9C0D61D27}.MinSizeRel|Win32.Build.0 = MinSizeRel|Win32
		{27B4276D-71E2-35E8-B51B-ACD9C0D61D27}.RelWithDebInfo|Win32.ActiveCfg = RelWithDebInfo|Win32
		{27B4276D-71E2-35E8-B51B-ACD9C0D61D27}.RelWithDebInfo|Win32.Build.0 = RelWithDebInfo|Win32
		{34B08563-E311-3941-8557-22925E0CFBA3}.Debug|Win32.ActiveCfg = Debug|Win32
		{34B08563-E311-3941-8557-22925E0CFBA3}.Debug|Win32.Build.0 = Debug|Win32
		{34B08563-E311-3941-8557-22925E0CFBA3}.Release|Win32.ActiveCfg = Release|Win32
		{34B08563-E311-3941-8557-22925E0CFBA3}.Release|Win32.Build.0 = Release|Win32
		{34B08563-E311-3941-8557-22925E0CFBA3}.MinSizeRel|Win32.ActiveCfg = MinSizeRel|Win32
		{34B08563-E311-3941-8557-22925E0CFBA3}.MinSizeRel|Win32.Build.0 = MinSizeRel|Win32
		{34B08563-E311-3941-8557-22925E0CFBA3}.RelWithDebInfo|Win32.ActiveCfg = RelWithDebInfo|Win32
		{34B08563-E311-3941-8557-22925E0CFBA3}.RelWithDebInfo|Win32.Build.0 = RelWithDebInfo|Win32
		{5BBF0FAB-2824-3EDF-BC04-A8D52E3DCDDF}.Debug|Win32.ActiveCfg = Debug|Win32
		{5BBF0FAB-2824-3EDF-BC04-A8D52E3DCDDF}.Debug|Win32.Build.0 = Debug|Win32
		{5BBF0FAB-2824-3EDF-BC04-A8D52E3DCDDF}.Release|Win32.ActiveCfg = Release|Win32
		{5BBF0FAB-2824-3EDF-BC04-A8D52E3DCDDF}.Release|Win32.Build.0 = Release|Win32
		{5BBF0FAB-2824-3EDF-BC04-A8D52E3DCDDF}.MinSizeRel|Win32.ActiveCfg = MinSizeRel|Win32
		{5BBF0FAB-2824-3EDF-BC04-A8D52E3DCDDF}.MinSizeRel|Win32.Build.0 = MinSizeRel|Win32
		{5BBF0FAB-2824-3EDF-BC04-A8D52E3DCDDF}.RelWithDebInfo|Win32.ActiveCfg = RelWithDebInfo|Win32
		{5BBF0FAB-2824-3EDF-BC04-A8D52E3DCDDF}.RelWithDebInfo|Win32.Build.0 = RelWithDebInfo|Win32
		{0856442E-0C53-3422-BA5B-940FC442F187}.Debug|Win32.ActiveCfg = Debug|Win32
		{0856442E-0C53-3422-BA5B-940FC442F187}.Debug|Win32.Build.0 = Debug|Win32
		{0856442E-0C53-3422-BA5B-940FC442F187}.Release|Win32.ActiveCfg = Release|Win32
		{0856442E-0C53-3422-BA5B-940FC442F187}.Release|Win32.Build.0 = Release|Win32
		{0856442E-0C53-3422-BA5B-940FC442F187}.MinSizeRel|Win32.ActiveCfg = MinSizeRel|Win32
		{0856442E-0C53-3422-BA5B-940FC442F187}.MinSizeRel|Win32.Build.0 = MinSizeRel|Win32
		{0856442E-0C53-3422-BA5B-940FC442F187}.RelWithDebInfo|Win32.ActiveCfg = RelWithDebInfo|Win32
		{0856442E-0C53-3422-BA5B-940FC442F187}.RelWithDebInfo|Win32.Build.0 = RelWithDebInfo|Win32
		{91A86981-906D-3332-BFFD-658AAF0F22B8}.Debug|Win32.ActiveCfg = Debug|Win32
		{91A86981-906D-3332-BFFD-658AAF0F22B8}.Debug|Win32.Build.0 = Debug|Win32
		{91A86981-906D-3332-BFFD-658AAF0F22B8}.Release|Win32.ActiveCfg = Release|Win32
		{91A86981-906D-3332-BFFD-658AAF0F22B8}.Release|Win32.Build.0 = Release|Win32
		{91A86981-906D-3332-BFFD-658AAF0F22B8}.MinSizeRel|Win32.ActiveCfg = MinSizeRel|Win32
		{91A86981-906D-3332-BFFD-658AAF0F22B8}.MinSizeRel|Win32.Build.0 = MinSizeRel|Win32
		{91A86981-906D-3332-BFFD-658AAF0F22B8}.RelWithDebInfo|Win32.ActiveCfg = RelWithDebInfo|Win32
		{91A86981-906D-3332-BFFD-658AAF0F22B8}.RelWithDebInfo|Win32.Build.0 = RelWithDebInfo|Win32
		{2690886E-462F-3225-8121-8E931B96D2C0}.Debug|Win32.ActiveCfg = Debug|Win32
		{2690886E-462F-3225-8121-8E931B96D2C0}.Debug|Win32.Build.0 = Debug|Win32
		{2690886E-462F-3225-8121-8E931B96D2C0}.Release|Win32.ActiveCfg = Release|Win32
		{2690886E-462F-3225-8121-8E931B96D2C0}.Release|Win32.Build.0 = Release|Win32
		{2690886E-462F-3225-8121-8E931B96D2C0}.MinSizeRel|Win32.ActiveCfg = MinSizeRel|Win32
		{2690886E-462F-3225-8121-8E931B96D2C0}.MinSizeRel|Win32.Build.0 = MinSizeRel|Win32
		{2690886E-462F-3225-8121-8E931B96D2C0}.RelWithDebInfo|Win32.ActiveCfg = RelWithDebInfo|Win32
		{2690886E-462F-3225-8121-8E931B96D2C0}.RelWithDebInfo|Win32.Build.0 = RelWithDebInfo|Win32
		{F57533B8-9385-3500-ADB8-4193441F1621}.Debug|Win32.ActiveCfg = Debug|Win32
		{F57533B8-9385-3500-ADB8-4193441F1621}.Debug|Win32.Build.0 = Debug|Win32
		{F57533B8-9385-3500-ADB8-4193441F1621}.Release|Win32.ActiveCfg = Release|Win32
		{F57533B8-9385-3500-ADB8-4193441F1621}.Release|Win32.Build.0 = Release|Win32
		{F57533B8-9385-3500-ADB8-4193441F1621}.MinSizeRel|Win32.ActiveCfg = MinSizeRel|Win32
		{F57533B8-9385-3500-ADB8-4193441F1621}.MinSizeRel|Win32.Build.0 = MinSizeRel|Win32
		{F57533B8-9385-3500-ADB8-4193441F1621}.RelWithDebInfo|Win32.ActiveCfg = RelWithDebInfo|Win32
		{F57533B8-9385-3500-ADB8-4193441F1621}.RelWithDebInfo|Win32.Build.0 = RelWithDebInfo|Win32
		{DC4631A7-8BC9-3205-AB36-1224D34FD9F8}.Debug|Win32.ActiveCfg = Debug|Win32
		{DC4631A7-8BC9-3205-AB36-1224D34FD9F8}.Debug|Win32.Build.0 = Debug|Win32
		{DC4631A7-8BC9-3205-AB36-1224D34FD9F8}.Release|Win32.ActiveCfg = Release|Win32
		{DC4631A7-8BC9-3205-AB36-1224D34FD9F8}.Release|Win32.Build.0 = Release|Win32
		{DC4631A7-8BC9-3205-AB36-1224D34FD9F8}.MinSizeRel|Win32.ActiveCfg = MinSizeRel|Win32
		{DC4631A7-8BC9-3205-AB36-1224D34FD9F8}.MinSizeRel|Win32.Build.0 = MinSizeRel|Win32
		{DC4631A7-8BC9-3205-AB36-1224D34FD9F8}.RelWithDebInfo|Win32.ActiveCfg = RelWithDebInfo|Win32
		{DC4631A7-8BC9-3205-AB36-1224D34FD9F8}.RelWithDebInfo|Win32.Build.0 = RelWithDebInfo|Win32
		{03CF116B-A914-379B-97FE-620FF094F072}.Debug|Win32.ActiveCfg = Debug|Win32
		{03CF116B-A914-379B-97FE-620FF094F072}.Debug|Win32.Build.0 = Debug|Win32
		{03CF116B-A914-379B-97FE-620FF094F072}.Release|Win32.ActiveCfg = Release|Win32
		{03CF116B-A914-379B-97FE-620FF094F072}.Release|Win32.Build.0 = Release|Win32
		{03CF116B-A914-379B-97FE-620FF094F072}.MinSizeRel|Win32.ActiveCfg = MinSizeRel|Win32
		{03CF116B-A914-379B-97FE-620FF094F072}.MinSizeRel|Win32.Build.0 = MinSizeRel|Win32
		{03CF116B-A914-379B-97FE-620FF094F072}.RelWithDebInfo|Win32.ActiveCfg = RelWithDebInfo|Win32
		{03CF116B-A914-379B-97FE-620FF094F072}.RelWithDebInfo|Win32.Build.0 = RelWithDebInfo|Win32
		{3ED6635D-B59D-3D9E-A3F8-D7EBAD8F5C26}.Debug|Win32.ActiveCfg = Debug|Win32
		{3ED6635D-B59D-3D9E-A3F8-D7EBAD8F5C26}.Debug|Win32.Build.0 = Debug|Win32
		{3ED6635D-B59D-3D9E-A3F8-D7EBAD8F5C26}.Release|Win32.ActiveCfg = Release|Win32
		{3ED6635D-B59D-3D9E-A3F8-D7EBAD8F5C26}.Release|Win32.Build.0 = Release|Win32
		{3ED6635D-B59D-3D9E-A3F8-D7EBAD8F5C26}.MinSizeRel|Win32.ActiveCfg = MinSizeRel|Win32
		{3ED6635D-B59D-3D9E-A3F8-D7EBAD8F5C26}.MinSizeRel|Win32.Build.0 = MinSizeRel|Win32
		{3ED6635D-B59D-3D9E-A3F8-D7EBAD8F5C26}.RelWithDebInfo|Win32.ActiveCfg = RelWithDebInfo|Win32
		{3ED6635D-B59D-3D9E-A3F8-D7EBAD8F5C26}.RelWithDebInfo|Win32.Build.0 = RelWithDebInfo|Win32
		{DB382BE0-B4C6-303B-A31D-A0905DE6B4FF}.Debug|Win32.ActiveCfg = Debug|Win32
		{DB382BE0-B4C6-303B-A31D-A0905DE6B4FF}.Debug|Win32.Build.0 = Debug|Win32
		{DB382BE0-B4C6-303B-A31D-A0905DE6B4FF}.Release|Win32.ActiveCfg = Release|Win32
		{DB382BE0-B4C6-303B-A31D-A0905DE6B4FF}.Release|Win32.Build.0 = Release|Win32
		{DB382BE0-B4C6-303B-A31D-A0905DE6B4FF}.MinSizeRel|Win32.ActiveCfg = MinSizeRel|Win32
		{DB382BE0-B4C6-303B-A31D-A0905DE6B4FF}.MinSizeRel|Win32.Build.0 = MinSizeRel|Win32
		{DB382BE0-B4C6-303B-A31D-A0905DE6B4FF}.RelWithDebInfo|Win32.ActiveCfg = RelWithDebInfo|Win32
		{DB382BE0-B4C6-303B-A31D-A0905DE6B4FF}.RelWithDebInfo|Win32.Build.0 = RelWithDebInfo|Win32
		{68130E3C-DCF2-3613-9DC6-AFB0D7779004}.Debug|Win32.ActiveCfg = Debug|Win32
		{68130E3C-DCF2-3613-9DC6-AFB0D7779004}.Debug|Win32.Build.0 = Debug|Win32
		{68130E3C-DCF2-3613-9DC6-AFB0D7779004}.Release|Win32.ActiveCfg = Release|Win32
		{68130E3C-DCF2-3613-9DC6-AFB0D7779004}.Release|Win32.Build.0 = Release|Win32
		{68130E3C-DCF2-3613-9DC6-AFB0D7779004}.MinSizeRel|Win32.ActiveCfg = MinSizeRel|Win32
		{68130E3C-DCF2-3613-9DC6-AFB0D7779004}.MinSizeRel|Win32.Build.0 = MinSizeRel|Win32
		{68130E3C-DCF2-3613-9DC6-AFB0D7779004}.RelWithDebInfo|Win32.ActiveCfg = RelWithDebInfo|Win32
		{68130E3C-DCF2-3613-9DC6-AFB0D7779004}.RelWithDebInfo|Win32.Build.0 = RelWithDebInfo|Win32
		{D02CB004-185B-38C0-A903-A7459FF55E3B}.Debug|Win32.ActiveCfg = Debug|Win32
		{D02CB004-185B-38C0-A903-A7459FF55E3B}.Debug|Win32.Build.0 = Debug|Win32
		{D02CB004-185B-38C0-A903-A7459FF55E3B}.Release|Win32.ActiveCfg = Release|Win32
		{D02CB004-185B-38C0-A903-A7459FF55E3B}.Release|Win32.Build.0 = Release|Win32
		{D02CB004-185B-38C0-A903-A7459FF55E3B}.MinSizeRel|Win32.ActiveCfg = MinSizeRel|Win32
		{D02CB004-185B-38C0-A903-A7459FF55E3B}.MinSizeRel|Win32.Build.0 = MinSizeRel|Win32
		{D02CB004-185B-38C0-A903-A7459FF55E3B}.RelWithDebInfo|Win32.ActiveCfg = RelWithDebInfo|Win32
		{D02CB004-185B-38C0-A903-A7459FF55E3B}.RelWithDebInfo|Win32.Build.0 = RelWithDebInfo|Win32
		{97460F13-E02D-318D-9D85-0801982C7C6B}.Debug|Win32.ActiveCfg = Debug|Win32
		{97460F13-E02D-318D-9D85-0801982C7C6B}.Debug|Win32.Build.0 = Debug|Win32
		{97460F13-E02D-318D-9D85-0801982C7C6B}.Release|Win32.ActiveCfg = Release|Win32
		{97460F13-E02D-318D-9D85-0801982C7C6B}.Release|Win32.Build.0 = Release|Win32
		{97460F13-E02D-318D-9D85-0801982C7C6B}.MinSizeRel|Win32.ActiveCfg = MinSizeRel|Win32
		{97460F13-E02D-318D-9D85-0801982C7C6B}.MinSizeRel|Win32.Build.0 = MinSizeRel|Win32
		{97460F13-E02D-318D-9D85-0801982C7C6B}.RelWithDebInfo|Win32.ActiveCfg = RelWithDebInfo|Win32
		{97460F13-E02D-318D-9D85-0801982C7C6B}.RelWithDebInfo|Win32.Build.0 = RelWithDebInfo|Win32
		{AD330601-58F4-35C2-86FA-42AAECC7B5A1}.Debug|Win32.ActiveCfg = Debug|Win32
		{AD330601-58F4-35C2-86FA-42AAECC7B5A1}.Debug|Win32.Build.0 = Debug|Win32
		{AD330601-58F4-35C2-86FA-42AAECC7B5A1}.Release|Win32.ActiveCfg = Release|Win32
		{AD330601-58F4-35C2-86FA-42AAECC7B5A1}.Release|Win32.Build.0 = Release|Win32
		{AD330601-58F4-35C2-86FA-42AAECC7B5A1}.MinSizeRel|Win32.ActiveCfg = MinSizeRel|Win32
		{AD330601-58F4-35C2-86FA-42AAECC7B5A1}.MinSizeRel|Win32.Build.0 = MinSizeRel|Win32
		{AD330601-58F4-35C2-86FA-42AAECC7B5A1}.RelWithDebInfo|Win32.ActiveCfg = RelWithDebInfo|Win32
		{AD330601-58F4-35C2-86FA-42AAECC7B5A1}.RelWithDebInfo|Win32.Build.0 = RelWithDebInfo|Win32
		{62FB629C-2206-376A-BA82-7676F3035C2C}.Debug|Win32.ActiveCfg = Debug|Win32
		{62FB629C-2206-376A-BA82-7676F3035C2C}.Debug|Win32.Build.0 = Debug|Win32
		{62FB629C-2206-376A-BA82-7676F3035C2C}.Release|Win32.ActiveCfg = Release|Win32
		{62FB629C-2206-376A-BA82-7676F3035C2C}.Release|Win32.Build.0 = Release|Win32
		{62FB629C-2206-376A-BA82-7676F3035C2C}.MinSizeRel|Win32.ActiveCfg = MinSizeRel|Win32
		{62FB629C-2206-376A-BA82-7676F3035C2C}.MinSizeRel|Win32.Build.0 = MinSizeRel|Win32
		{62FB629C-2206-376A-BA82-7676F3035C2C}.RelWithDebInfo|Win32.ActiveCfg = RelWithDebInfo|Win32
		{62FB629C-2206-376A-BA82-7676F3035C2C}.RelWithDebInfo|Win32.Build.0 = RelWithDebInfo|Win32
		{A7541456-8079-370B-A34C-73F304F8C068}.Debug|Win32.ActiveCfg = Debug|Win32
		{A7541456-8079-370B-A34C-73F304F8C068}.Debug|Win32.Build.0 = Debug|Win32
		{A7541456-8079-370B-A34C-73F304F8C068}.Release|Win32.ActiveCfg = Release|Win32
		{A7541456-8079-370B-A34C-73F304F8C068}.Release|Win32.Build.0 = Release|Win32
		{A7541456-8079-370B-A34C-73F304F8C068}.MinSizeRel|Win32.ActiveCfg = MinSizeRel|Win32
		{A7541456-8079-370B-A34C-73F304F8C068}.MinSizeRel|Win32.Build.0 = MinSizeRel|Win32
		{A7541456-8079-370B-A34C-73F304F8C068}.RelWithDebInfo|Win32.ActiveCfg = RelWithDebInfo|Win32
		{A7541456-8079-370B-A34C-73F304F8C068}.RelWithDebInfo|Win32.Build.0 = RelWithDebInfo|Win32
		{3263D6EE-EEBD-3EE1-BF3E-53B1F417736D}.Debug|Win32.ActiveCfg = Debug|Win32
		{3263D6EE-EEBD-3EE1-BF3E-53B1F417736D}.Debug|Win32.Build.0 = Debug|Win32
		{3263D6EE-EEBD-3EE1-BF3E-53B1F417736D}.Release|Win32.ActiveCfg = Release|Win32
		{3263D6EE-EEBD-3EE1-BF3E-53B1F417736D}.Release|Win32.Build.0 = Release|Win32
		{3263D6EE-EEBD-3EE1-BF3E-53B1F417736D}.MinSizeRel|Win32.ActiveCfg = MinSizeRel|Win32
		{3263D6EE-EEBD-3EE1-BF3E-53B1F417736D}.MinSizeRel|Win32.Build.0 = MinSizeRel|Win32
		{3263D6EE-EEBD-3EE1-BF3E-53B1F417736D}.RelWithDebInfo|Win32.ActiveCfg = RelWithDebInfo|Win32
		{3263D6EE-EEBD-3EE1-BF3E-53B1F417736D}.RelWithDebInfo|Win32.Build.0 = RelWithDebInfo|Win32
		{343C79C1-1261-32D9-B768-F64431F30932}.Debug|Win32.ActiveCfg = Debug|Win32
		{343C79C1-1261-32D9-B768-F64431F30932}.Debug|Win32.Build.0 = Debug|Win32
		{343C79C1-1261-32D9-B768-F64431F30932}.Release|Win32.ActiveCfg = Release|Win32
		{343C79C1-1261-32D9-B768-F64431F30932}.Release|Win32.Build.0 = Release|Win32
		{343C79C1-1261-32D9-B768-F64431F30932}.MinSizeRel|Win32.ActiveCfg = MinSizeRel|Win32
		{343C79C1-1261-32D9-B768-F64431F30932}.MinSizeRel|Win32.Build.0 = MinSizeRel|Win32
		{343C79C1-1261-32D9-B768-F64431F30932}.RelWithDebInfo|Win32.ActiveCfg = RelWithDebInfo|Win32
		{343C79C1-1261-32D9-B768-F64431F30932}.RelWithDebInfo|Win32.Build.0 = RelWithDebInfo|Win32
		{88ABE47E-57DA-3C03-9A25-D031E0861A03}.Debug|Win32.ActiveCfg = Debug|Win32
		{88ABE47E-57DA-3C03-9A25-D031E0861A03}.Debug|Win32.Build.0 = Debug|Win32
		{88ABE47E-57DA-3C03-9A25-D031E0861A03}.Release|Win32.ActiveCfg = Release|Win32
		{88ABE47E-57DA-3C03-9A25-D031E0861A03}.Release|Win32.Build.0 = Release|Win32
		{88ABE47E-57DA-3C03-9A25-D031E0861A03}.MinSizeRel|Win32.ActiveCfg = MinSizeRel|Win32
		{88ABE47E-57DA-3C03-9A25-D031E0861A03}.MinSizeRel|Win32.Build.0 = MinSizeRel|Win32
		{88ABE47E-57DA-3C03-9A25-D031E0861A03}.RelWithDebInfo|Win32.ActiveCfg = RelWithDebInfo|Win32
		{88ABE47E-57DA-3C03-9A25-D031E0861A03}.RelWithDebInfo|Win32.Build.0 = RelWithDebInfo|Win32
		{A675D3D0-F9FC-329D-A48F-3A58DB799DBC}.Debug|Win32.ActiveCfg = Debug|Win32
		{A675D3D0-F9FC-329D-A48F-3A58DB799DBC}.Debug|Win32.Build.0 = Debug|Win32
		{A675D3D0-F9FC-329D-A48F-3A58DB799DBC}.Release|Win32.ActiveCfg = Release|Win32
		{A675D3D0-F9FC-329D-A48F-3A58DB799DBC}.Release|Win32.Build.0 = Release|Win32
		{A675D3D0-F9FC-329D-A48F-3A58DB799DBC}.MinSizeRel|Win32.ActiveCfg = MinSizeRel|Win32
		{A675D3D0-F9FC-329D-A48F-3A58DB799DBC}.MinSizeRel|Win32.Build.0 = MinSizeRel|Win32
		{A675D3D0-F9FC-329D-A48F-3A58DB799DBC}.RelWithDebInfo|Win32.ActiveCfg = RelWithDebInfo|Win32
		{A675D3D0-F9FC-329D-A48F-3A58DB799DBC}.RelWithDebInfo|Win32.Build.0 = RelWithDebInfo|Win32
		{728A6D50-76E8-3FA8-9E66-FF7D9AAA1B41}.Debug|Win32.ActiveCfg = Debug|Win32
		{728A6D50-76E8-3FA8-9E66-FF7D9AAA1B41}.Debug|Win32.Build.0 = Debug|Win32
		{728A6D50-76E8-3FA8-9E66-FF7D9AAA1B41}.Release|Win32.ActiveCfg = Release|Win32
		{728A6D50-76E8-3FA8-9E66-FF7D9AAA1B41}.Release|Win32.Build.0 = Release|Win32
		{728A6D50-76E8-3FA8-9E66-FF7D9AAA1B41}.MinSizeRel|Win32.ActiveCfg = MinSizeRel|Win32
		{728A6D50-76E8-3FA8-9E66-FF7D9AAA1B41}.MinSizeRel|Win32.Build.0 = MinSizeRel|Win32
		{728A6D50-76E8-3FA8-9E66-FF7D9AAA1B41}.RelWithDebInfo|Win32.ActiveCfg = RelWithDebInfo|Win32
		{728A6D50-76E8-3FA8-9E66-FF7D9AAA1B41}.RelWithDebInfo|Win32.Build.0 = RelWithDebInfo|Win32
		{53D7F369-9731-3FC5-ACC2-B77745245CAE}.Debug|Win32.ActiveCfg = Debug|Win32
		{53D7F369-9731-3FC5-ACC2-B77745245CAE}.Release|Win32.ActiveCfg = Release|Win32
		{53D7F369-9731-3FC5-ACC2-B77745245CAE}.MinSizeRel|Win32.ActiveCfg = MinSizeRel|Win32
		{53D7F369-9731-3FC5-ACC2-B77745245CAE}.RelWithDebInfo|Win32.ActiveCfg = RelWithDebInfo|Win32
		{C3EFA2C2-64BD-3DCA-B12C-9B60075FD959}.Debug|Win32.ActiveCfg = Debug|Win32
		{C3EFA2C2-64BD-3DCA-B12C-9B60075FD959}.Debug|Win32.Build.0 = Debug|Win32
		{C3EFA2C2-64BD-3DCA-B12C-9B60075FD959}.Release|Win32.ActiveCfg = Release|Win32
		{C3EFA2C2-64BD-3DCA-B12C-9B60075FD959}.Release|Win32.Build.0 = Release|Win32
		{C3EFA2C2-64BD-3DCA-B12C-9B60075FD959}.MinSizeRel|Win32.ActiveCfg = MinSizeRel|Win32
		{C3EFA2C2-64BD-3DCA-B12C-9B60075FD959}.MinSizeRel|Win32.Build.0 = MinSizeRel|Win32
		{C3EFA2C2-64BD-3DCA-B12C-9B60075FD959}.RelWithDebInfo|Win32.ActiveCfg = RelWithDebInfo|Win32
		{C3EFA2C2-64BD-3DCA-B12C-9B60075FD959}.RelWithDebInfo|Win32.Build.0 = RelWithDebInfo|Win32
		{B2D8CFAC-48EF-3EDE-AE18-EDA4864E2E1B}.Debug|Win32.ActiveCfg = Debug|Win32
		{B2D8CFAC-48EF-3EDE-AE18-EDA4864E2E1B}.Debug|Win32.Build.0 = Debug|Win32
		{B2D8CFAC-48EF-3EDE-AE18-EDA4864E2E1B}.Release|Win32.ActiveCfg = Release|Win32
		{B2D8CFAC-48EF-3EDE-AE18-EDA4864E2E1B}.Release|Win32.Build.0 = Release|Win32
		{B2D8CFAC-48EF-3EDE-AE18-EDA4864E2E1B}.MinSizeRel|Win32.ActiveCfg = MinSizeRel|Win32
		{B2D8CFAC-48EF-3EDE-AE18-EDA4864E2E1B}.MinSizeRel|Win32.Build.0 = MinSizeRel|Win32
		{B2D8CFAC-48EF-3EDE-AE18-EDA4864E2E1B}.RelWithDebInfo|Win32.ActiveCfg = RelWithDebInfo|Win32
		{B2D8CFAC-48EF-3EDE-AE18-EDA4864E2E1B}.RelWithDebInfo|Win32.Build.0 = RelWithDebInfo|Win32
	EndGlobalSection
	GlobalSection(NestedProjects) = preSolution
		{1C9D3651-0375-3583-A495-CA4FCE49DD3C} = {80A79A47-A736-3136-98D5-13C2292483F6}
		{70BC44AC-F357-3EAD-8690-712B01289C59} = {80A79A47-A736-3136-98D5-13C2292483F6}
		{15B5DBE3-2B76-361C-986B-2A268E83D7F9} = {80A79A47-A736-3136-98D5-13C2292483F6}
		{E11673D6-B1B2-32B1-B23A-D0AB4FAE72D6} = {C36A7021-2BC2-39D1-B1E0-1B29F5E03FCB}
		{5E5197DD-94F6-3CFE-9F5B-49A9D4A879B1} = {C36A7021-2BC2-39D1-B1E0-1B29F5E03FCB}
		{2690886E-462F-3225-8121-8E931B96D2C0} = {C36A7021-2BC2-39D1-B1E0-1B29F5E03FCB}
		{D0DA97A9-894C-3530-A367-526A91A592D8} = {E11673D6-B1B2-32B1-B23A-D0AB4FAE72D6}
		{91A86981-906D-3332-BFFD-658AAF0F22B8} = {E11673D6-B1B2-32B1-B23A-D0AB4FAE72D6}
		{DC4631A7-8BC9-3205-AB36-1224D34FD9F8} = {E11673D6-B1B2-32B1-B23A-D0AB4FAE72D6}
		{97460F13-E02D-318D-9D85-0801982C7C6B} = {E11673D6-B1B2-32B1-B23A-D0AB4FAE72D6}
		{A7541456-8079-370B-A34C-73F304F8C068} = {E11673D6-B1B2-32B1-B23A-D0AB4FAE72D6}
		{3263D6EE-EEBD-3EE1-BF3E-53B1F417736D} = {E11673D6-B1B2-32B1-B23A-D0AB4FAE72D6}
		{C3EFA2C2-64BD-3DCA-B12C-9B60075FD959} = {E11673D6-B1B2-32B1-B23A-D0AB4FAE72D6}
		{DDCD4225-B64E-3B38-9B01-E7BCBB1BDC21} = {5E5197DD-94F6-3CFE-9F5B-49A9D4A879B1}
		{036655F2-5617-385E-B53D-618986C8F00C} = {5E5197DD-94F6-3CFE-9F5B-49A9D4A879B1}
		{34B08563-E311-3941-8557-22925E0CFBA3} = {5E5197DD-94F6-3CFE-9F5B-49A9D4A879B1}
		{5BBF0FAB-2824-3EDF-BC04-A8D52E3DCDDF} = {5E5197DD-94F6-3CFE-9F5B-49A9D4A879B1}
		{0856442E-0C53-3422-BA5B-940FC442F187} = {5E5197DD-94F6-3CFE-9F5B-49A9D4A879B1}
		{F57533B8-9385-3500-ADB8-4193441F1621} = {5E5197DD-94F6-3CFE-9F5B-49A9D4A879B1}
		{03CF116B-A914-379B-97FE-620FF094F072} = {5E5197DD-94F6-3CFE-9F5B-49A9D4A879B1}
		{3ED6635D-B59D-3D9E-A3F8-D7EBAD8F5C26} = {5E5197DD-94F6-3CFE-9F5B-49A9D4A879B1}
		{DB382BE0-B4C6-303B-A31D-A0905DE6B4FF} = {5E5197DD-94F6-3CFE-9F5B-49A9D4A879B1}
		{68130E3C-DCF2-3613-9DC6-AFB0D7779004} = {5E5197DD-94F6-3CFE-9F5B-49A9D4A879B1}
		{D02CB004-185B-38C0-A903-A7459FF55E3B} = {5E5197DD-94F6-3CFE-9F5B-49A9D4A879B1}
		{AD330601-58F4-35C2-86FA-42AAECC7B5A1} = {5E5197DD-94F6-3CFE-9F5B-49A9D4A879B1}
		{62FB629C-2206-376A-BA82-7676F3035C2C} = {5E5197DD-94F6-3CFE-9F5B-49A9D4A879B1}
		{343C79C1-1261-32D9-B768-F64431F30932} = {5E5197DD-94F6-3CFE-9F5B-49A9D4A879B1}
		{88ABE47E-57DA-3C03-9A25-D031E0861A03} = {5E5197DD-94F6-3CFE-9F5B-49A9D4A879B1}
		{A675D3D0-F9FC-329D-A48F-3A58DB799DBC} = {5E5197DD-94F6-3CFE-9F5B-49A9D4A879B1}
		{728A6D50-76E8-3FA8-9E66-FF7D9AAA1B41} = {5E5197DD-94F6-3CFE-9F5B-49A9D4A879B1}
		{B2D8CFAC-48EF-3EDE-AE18-EDA4864E2E1B} = {5E5197DD-94F6-3CFE-9F5B-49A9D4A879B1}
	EndGlobalSection
	GlobalSection(ExtensibilityGlobals) = postSolution
		SolutionGuid = {E75DD33D-D9B9-3F5E-B8A6-94B4093F370F}
	EndGlobalSection
	GlobalSection(ExtensibilityAddIns) = postSolution
	EndGlobalSection
EndGlobal
