Microsoft Visual Studio Solution File, Format Version 12.00
# Visual Studio 15
Project("{8BC9CEB8-8B4A-11D0-8D11-00A0C91BC942}") = "ALL_BUILD", "ALL_BUILD.vcxproj", "{1BB523D6-EDE7-3FCA-8AE8-D7A0BCE5F9C3}"
	ProjectSection(ProjectDependencies) = postProject
		{9268A648-D868-3A9A-9910-B0CE3D6DFF37} = {9268A648-D868-3A9A-9910-B0CE3D6DFF37}
		{B4775EB1-F9E8-3D00-9BA3-54A717350822} = {B4775EB1-F9E8-3D00-9BA3-54A717350822}
		{75D61887-29A1-3463-925E-F1881D36E3A4} = {75D61887-29A1-3463-925E-F1881D36E3A4}
		{478DBFA5-6CE5-3D17-91AD-A5D550FA1E6C} = {478DBFA5-6CE5-3D17-91AD-A5D550FA1E6C}
		{87A75F89-5845-3FDE-A11B-56B7813F8019} = {87A75F89-5845-3FDE-A11B-56B7813F8019}
	EndProjectSection
EndProject
Project("{8BC9CEB8-8B4A-11D0-8D11-00A0C91BC942}") = "Continuous", "test\Continuous.vcxproj", "{D603241C-BD7C-3383-9CBF-C808961AAF78}"
	ProjectSection(ProjectDependencies) = postProject
		{B4775EB1-F9E8-3D00-9BA3-54A717350822} = {B4775EB1-F9E8-3D00-9BA3-54A717350822}
	EndProjectSection
EndProject
Project("{8BC9CEB8-8B4A-11D0-8D11-00A0C91BC942}") = "Experimental", "test\Experimental.vcxproj", "{E7A2E9B9-7540-3C22-B58E-3791F8C781E2}"
	ProjectSection(ProjectDependencies) = postProject
		{B4775EB1-F9E8-3D00-9BA3-54A717350822} = {B4775EB1-F9E8-3D00-9BA3-54A717350822}
	EndProjectSection
EndProject
Project("{8BC9CEB8-8B4A-11D0-8D11-00A0C91BC942}") = "INSTALL", "INSTALL.vcxproj", "{3D6237C9-2873-3960-8C79-5826367D95AD}"
	ProjectSection(ProjectDependencies) = postProject
		{1BB523D6-EDE7-3FCA-8AE8-D7A0BCE5F9C3} = {1BB523D6-EDE7-3FCA-8AE8-D7A0BCE5F9C3}
		{B4775EB1-F9E8-3D00-9BA3-54A717350822} = {B4775EB1-F9E8-3D00-9BA3-54A717350822}
	EndProjectSection
EndProject
Project("{8BC9CEB8-8B4A-11D0-8D11-00A0C91BC942}") = "IrrXML", "contrib\irrXML\IrrXML.vcxproj", "{9268A648-D868-3A9A-9910-B0CE3D6DFF37}"
	ProjectSection(ProjectDependencies) = postProject
		{B4775EB1-F9E8-3D00-9BA3-54A717350822} = {B4775EB1-F9E8-3D00-9BA3-54A717350822}
	EndProjectSection
EndProject
Project("{8BC9CEB8-8B4A-11D0-8D11-00A0C91BC942}") = "Nightly", "test\Nightly.vcxproj", "{3AF9FE6F-0264-3803-8919-25C37BB48BB6}"
	ProjectSection(ProjectDependencies) = postProject
		{B4775EB1-F9E8-3D00-9BA3-54A717350822} = {B4775EB1-F9E8-3D00-9BA3-54A717350822}
	EndProjectSection
EndProject
Project("{8BC9CEB8-8B4A-11D0-8D11-00A0C91BC942}") = "NightlyMemoryCheck", "test\NightlyMemoryCheck.vcxproj", "{61E2E1F7-0A56-3C4C-8EC8-4FBFA901C73C}"
	ProjectSection(ProjectDependencies) = postProject
		{B4775EB1-F9E8-3D00-9BA3-54A717350822} = {B4775EB1-F9E8-3D00-9BA3-54A717350822}
	EndProjectSection
EndProject
Project("{8BC9CEB8-8B4A-11D0-8D11-00A0C91BC942}") = "UpdateAssimpLibsDebugSymbolsAndDLLs", "UpdateAssimpLibsDebugSymbolsAndDLLs.vcxproj", "{47ECDA35-7D54-318A-A9A6-AEFED4C22FAC}"
	ProjectSection(ProjectDependencies) = postProject
		{B4775EB1-F9E8-3D00-9BA3-54A717350822} = {B4775EB1-F9E8-3D00-9BA3-54A717350822}
	EndProjectSection
EndProject
Project("{8BC9CEB8-8B4A-11D0-8D11-00A0C91BC942}") = "ZERO_CHECK", "ZERO_CHECK.vcxproj", "{B4775EB1-F9E8-3D00-9BA3-54A717350822}"
	ProjectSection(ProjectDependencies) = postProject
	EndProjectSection
EndProject
Project("{8BC9CEB8-8B4A-11D0-8D11-00A0C91BC942}") = "assimp", "code\assimp.vcxproj", "{75D61887-29A1-3463-925E-F1881D36E3A4}"
	ProjectSection(ProjectDependencies) = postProject
		{9268A648-D868-3A9A-9910-B0CE3D6DFF37} = {9268A648-D868-3A9A-9910-B0CE3D6DFF37}
		{B4775EB1-F9E8-3D00-9BA3-54A717350822} = {B4775EB1-F9E8-3D00-9BA3-54A717350822}
	EndProjectSection
EndProject
Project("{8BC9CEB8-8B4A-11D0-8D11-00A0C91BC942}") = "assimp_cmd", "tools\assimp_cmd\assimp_cmd.vcxproj", "{478DBFA5-6CE5-3D17-91AD-A5D550FA1E6C}"
	ProjectSection(ProjectDependencies) = postProject
		{9268A648-D868-3A9A-9910-B0CE3D6DFF37} = {9268A648-D868-3A9A-9910-B0CE3D6DFF37}
		{B4775EB1-F9E8-3D00-9BA3-54A717350822} = {B4775EB1-F9E8-3D00-9BA3-54A717350822}
		{75D61887-29A1-3463-925E-F1881D36E3A4} = {75D61887-29A1-3463-925E-F1881D36E3A4}
	EndProjectSection
EndProject
Project("{8BC9CEB8-8B4A-11D0-8D11-00A0C91BC942}") = "uninstall", "uninstall.vcxproj", "{0B1E0820-74E6-3CEE-9792-40731453A3A7}"
	ProjectSection(ProjectDependencies) = postProject
		{B4775EB1-F9E8-3D00-9BA3-54A717350822} = {B4775EB1-F9E8-3D00-9BA3-54A717350822}
	EndProjectSection
EndProject
Project("{8BC9CEB8-8B4A-11D0-8D11-00A0C91BC942}") = "unit", "test\unit.vcxproj", "{87A75F89-5845-3FDE-A11B-56B7813F8019}"
	ProjectSection(ProjectDependencies) = postProject
		{9268A648-D868-3A9A-9910-B0CE3D6DFF37} = {9268A648-D868-3A9A-9910-B0CE3D6DFF37}
		{B4775EB1-F9E8-3D00-9BA3-54A717350822} = {B4775EB1-F9E8-3D00-9BA3-54A717350822}
		{75D61887-29A1-3463-925E-F1881D36E3A4} = {75D61887-29A1-3463-925E-F1881D36E3A4}
	EndProjectSection
EndProject
Global
	GlobalSection(SolutionConfigurationPlatforms) = preSolution
		Debug|Win32 = Debug|Win32
		Release|Win32 = Release|Win32
		MinSizeRel|Win32 = MinSizeRel|Win32
		RelWithDebInfo|Win32 = RelWithDebInfo|Win32
	EndGlobalSection
	GlobalSection(ProjectConfigurationPlatforms) = postSolution
		{1BB523D6-EDE7-3FCA-8AE8-D7A0BCE5F9C3}.Debug|Win32.ActiveCfg = Debug|Win32
		{1BB523D6-EDE7-3FCA-8AE8-D7A0BCE5F9C3}.Debug|Win32.Build.0 = Debug|Win32
		{1BB523D6-EDE7-3FCA-8AE8-D7A0BCE5F9C3}.Release|Win32.ActiveCfg = Release|Win32
		{1BB523D6-EDE7-3FCA-8AE8-D7A0BCE5F9C3}.Release|Win32.Build.0 = Release|Win32
		{1BB523D6-EDE7-3FCA-8AE8-D7A0BCE5F9C3}.MinSizeRel|Win32.ActiveCfg = MinSizeRel|Win32
		{1BB523D6-EDE7-3FCA-8AE8-D7A0BCE5F9C3}.MinSizeRel|Win32.Build.0 = MinSizeRel|Win32
		{1BB523D6-EDE7-3FCA-8AE8-D7A0BCE5F9C3}.RelWithDebInfo|Win32.ActiveCfg = RelWithDebInfo|Win32
		{1BB523D6-EDE7-3FCA-8AE8-D7A0BCE5F9C3}.RelWithDebInfo|Win32.Build.0 = RelWithDebInfo|Win32
		{D603241C-BD7C-3383-9CBF-C808961AAF78}.Debug|Win32.ActiveCfg = Debug|Win32
		{D603241C-BD7C-3383-9CBF-C808961AAF78}.Release|Win32.ActiveCfg = Release|Win32
		{D603241C-BD7C-3383-9CBF-C808961AAF78}.MinSizeRel|Win32.ActiveCfg = MinSizeRel|Win32
		{D603241C-BD7C-3383-9CBF-C808961AAF78}.RelWithDebInfo|Win32.ActiveCfg = RelWithDebInfo|Win32
		{E7A2E9B9-7540-3C22-B58E-3791F8C781E2}.Debug|Win32.ActiveCfg = Debug|Win32
		{E7A2E9B9-7540-3C22-B58E-3791F8C781E2}.Release|Win32.ActiveCfg = Release|Win32
		{E7A2E9B9-7540-3C22-B58E-3791F8C781E2}.MinSizeRel|Win32.ActiveCfg = MinSizeRel|Win32
		{E7A2E9B9-7540-3C22-B58E-3791F8C781E2}.RelWithDebInfo|Win32.ActiveCfg = RelWithDebInfo|Win32
		{3D6237C9-2873-3960-8C79-5826367D95AD}.Debug|Win32.ActiveCfg = Debug|Win32
		{3D6237C9-2873-3960-8C79-5826367D95AD}.Release|Win32.ActiveCfg = Release|Win32
		{3D6237C9-2873-3960-8C79-5826367D95AD}.MinSizeRel|Win32.ActiveCfg = MinSizeRel|Win32
		{3D6237C9-2873-3960-8C79-5826367D95AD}.RelWithDebInfo|Win32.ActiveCfg = RelWithDebInfo|Win32
		{9268A648-D868-3A9A-9910-B0CE3D6DFF37}.Debug|Win32.ActiveCfg = Debug|Win32
		{9268A648-D868-3A9A-9910-B0CE3D6DFF37}.Debug|Win32.Build.0 = Debug|Win32
		{9268A648-D868-3A9A-9910-B0CE3D6DFF37}.Release|Win32.ActiveCfg = Release|Win32
		{9268A648-D868-3A9A-9910-B0CE3D6DFF37}.Release|Win32.Build.0 = Release|Win32
		{9268A648-D868-3A9A-9910-B0CE3D6DFF37}.MinSizeRel|Win32.ActiveCfg = MinSizeRel|Win32
		{9268A648-D868-3A9A-9910-B0CE3D6DFF37}.MinSizeRel|Win32.Build.0 = MinSizeRel|Win32
		{9268A648-D868-3A9A-9910-B0CE3D6DFF37}.RelWithDebInfo|Win32.ActiveCfg = RelWithDebInfo|Win32
		{9268A648-D868-3A9A-9910-B0CE3D6DFF37}.RelWithDebInfo|Win32.Build.0 = RelWithDebInfo|Win32
		{3AF9FE6F-0264-3803-8919-25C37BB48BB6}.Debug|Win32.ActiveCfg = Debug|Win32
		{3AF9FE6F-0264-3803-8919-25C37BB48BB6}.Release|Win32.ActiveCfg = Release|Win32
		{3AF9FE6F-0264-3803-8919-25C37BB48BB6}.MinSizeRel|Win32.ActiveCfg = MinSizeRel|Win32
		{3AF9FE6F-0264-3803-8919-25C37BB48BB6}.RelWithDebInfo|Win32.ActiveCfg = RelWithDebInfo|Win32
		{61E2E1F7-0A56-3C4C-8EC8-4FBFA901C73C}.Debug|Win32.ActiveCfg = Debug|Win32
		{61E2E1F7-0A56-3C4C-8EC8-4FBFA901C73C}.Release|Win32.ActiveCfg = Release|Win32
		{61E2E1F7-0A56-3C4C-8EC8-4FBFA901C73C}.MinSizeRel|Win32.ActiveCfg = MinSizeRel|Win32
		{61E2E1F7-0A56-3C4C-8EC8-4FBFA901C73C}.RelWithDebInfo|Win32.ActiveCfg = RelWithDebInfo|Win32
		{47ECDA35-7D54-318A-A9A6-AEFED4C22FAC}.Debug|Win32.ActiveCfg = Debug|Win32
		{47ECDA35-7D54-318A-A9A6-AEFED4C22FAC}.Release|Win32.ActiveCfg = Release|Win32
		{47ECDA35-7D54-318A-A9A6-AEFED4C22FAC}.MinSizeRel|Win32.ActiveCfg = MinSizeRel|Win32
		{47ECDA35-7D54-318A-A9A6-AEFED4C22FAC}.RelWithDebInfo|Win32.ActiveCfg = RelWithDebInfo|Win32
		{B4775EB1-F9E8-3D00-9BA3-54A717350822}.Debug|Win32.ActiveCfg = Debug|Win32
		{B4775EB1-F9E8-3D00-9BA3-54A717350822}.Debug|Win32.Build.0 = Debug|Win32
		{B4775EB1-F9E8-3D00-9BA3-54A717350822}.Release|Win32.ActiveCfg = Release|Win32
		{B4775EB1-F9E8-3D00-9BA3-54A717350822}.Release|Win32.Build.0 = Release|Win32
		{B4775EB1-F9E8-3D00-9BA3-54A717350822}.MinSizeRel|Win32.ActiveCfg = MinSizeRel|Win32
		{B4775EB1-F9E8-3D00-9BA3-54A717350822}.MinSizeRel|Win32.Build.0 = MinSizeRel|Win32
		{B4775EB1-F9E8-3D00-9BA3-54A717350822}.RelWithDebInfo|Win32.ActiveCfg = RelWithDebInfo|Win32
		{B4775EB1-F9E8-3D00-9BA3-54A717350822}.RelWithDebInfo|Win32.Build.0 = RelWithDebInfo|Win32
		{75D61887-29A1-3463-925E-F1881D36E3A4}.Debug|Win32.ActiveCfg = Debug|Win32
		{75D61887-29A1-3463-925E-F1881D36E3A4}.Debug|Win32.Build.0 = Debug|Win32
		{75D61887-29A1-3463-925E-F1881D36E3A4}.Release|Win32.ActiveCfg = Release|Win32
		{75D61887-29A1-3463-925E-F1881D36E3A4}.Release|Win32.Build.0 = Release|Win32
		{75D61887-29A1-3463-925E-F1881D36E3A4}.MinSizeRel|Win32.ActiveCfg = MinSizeRel|Win32
		{75D61887-29A1-3463-925E-F1881D36E3A4}.MinSizeRel|Win32.Build.0 = MinSizeRel|Win32
		{75D61887-29A1-3463-925E-F1881D36E3A4}.RelWithDebInfo|Win32.ActiveCfg = RelWithDebInfo|Win32
		{75D61887-29A1-3463-925E-F1881D36E3A4}.RelWithDebInfo|Win32.Build.0 = RelWithDebInfo|Win32
		{478DBFA5-6CE5-3D17-91AD-A5D550FA1E6C}.Debug|Win32.ActiveCfg = Debug|Win32
		{478DBFA5-6CE5-3D17-91AD-A5D550FA1E6C}.Debug|Win32.Build.0 = Debug|Win32
		{478DBFA5-6CE5-3D17-91AD-A5D550FA1E6C}.Release|Win32.ActiveCfg = Release|Win32
		{478DBFA5-6CE5-3D17-91AD-A5D550FA1E6C}.Release|Win32.Build.0 = Release|Win32
		{478DBFA5-6CE5-3D17-91AD-A5D550FA1E6C}.MinSizeRel|Win32.ActiveCfg = MinSizeRel|Win32
		{478DBFA5-6CE5-3D17-91AD-A5D550FA1E6C}.MinSizeRel|Win32.Build.0 = MinSizeRel|Win32
		{478DBFA5-6CE5-3D17-91AD-A5D550FA1E6C}.RelWithDebInfo|Win32.ActiveCfg = RelWithDebInfo|Win32
		{478DBFA5-6CE5-3D17-91AD-A5D550FA1E6C}.RelWithDebInfo|Win32.Build.0 = RelWithDebInfo|Win32
		{0B1E0820-74E6-3CEE-9792-40731453A3A7}.Debug|Win32.ActiveCfg = Debug|Win32
		{0B1E0820-74E6-3CEE-9792-40731453A3A7}.Release|Win32.ActiveCfg = Release|Win32
		{0B1E0820-74E6-3CEE-9792-40731453A3A7}.MinSizeRel|Win32.ActiveCfg = MinSizeRel|Win32
		{0B1E0820-74E6-3CEE-9792-40731453A3A7}.RelWithDebInfo|Win32.ActiveCfg = RelWithDebInfo|Win32
		{87A75F89-5845-3FDE-A11B-56B7813F8019}.Debug|Win32.ActiveCfg = Debug|Win32
		{87A75F89-5845-3FDE-A11B-56B7813F8019}.Debug|Win32.Build.0 = Debug|Win32
		{87A75F89-5845-3FDE-A11B-56B7813F8019}.Release|Win32.ActiveCfg = Release|Win32
		{87A75F89-5845-3FDE-A11B-56B7813F8019}.Release|Win32.Build.0 = Release|Win32
		{87A75F89-5845-3FDE-A11B-56B7813F8019}.MinSizeRel|Win32.ActiveCfg = MinSizeRel|Win32
		{87A75F89-5845-3FDE-A11B-56B7813F8019}.MinSizeRel|Win32.Build.0 = MinSizeRel|Win32
		{87A75F89-5845-3FDE-A11B-56B7813F8019}.RelWithDebInfo|Win32.ActiveCfg = RelWithDebInfo|Win32
		{87A75F89-5845-3FDE-A11B-56B7813F8019}.RelWithDebInfo|Win32.Build.0 = RelWithDebInfo|Win32
	EndGlobalSection
	GlobalSection(ExtensibilityGlobals) = postSolution
		SolutionGuid = {336FE9B0-311C-31CC-9650-EB9C89A0FF51}
	EndGlobalSection
	GlobalSection(ExtensibilityAddIns) = postSolution
	EndGlobalSection
EndGlobal
