<?xml version="1.0" encoding="utf-8"?>
<Project ToolsVersion="4.0" xmlns="http://schemas.microsoft.com/developer/msbuild/2003">
  <ItemGroup>
    <Filter Include="Source Files">
      <UniqueIdentifier>{4FC737F1-C7A5-4376-A066-2A32D752A2FF}</UniqueIdentifier>
      <Extensions>cpp;c;cc;cxx;def;odl;idl;hpj;bat;asm;asmx</Extensions>
    </Filter>
    <Filter Include="Header Files">
      <UniqueIdentifier>{93995380-89BD-4b04-88EB-625FBE52EBFB}</UniqueIdentifier>
      <Extensions>h;hh;hpp;hxx;hm;inl;inc;ipp;xsd</Extensions>
    </Filter>
    <Filter Include="Resource Files">
      <UniqueIdentifier>{67DA6AB6-F800-4c08-8B7A-83BB121AAD01}</UniqueIdentifier>
      <Extensions>rc;ico;cur;bmp;dlg;rc2;rct;bin;rgs;gif;jpg;jpeg;jpe;resx;tiff;tif;png;wav;mfcribbon-ms</Extensions>
    </Filter>
  </ItemGroup>
  <ItemGroup>
    <ClCompile Include="Window.cpp">
      <Filter>Source Files</Filter>
    </ClCompile>
    <ClCompile Include="ErrorHandling.cpp">
      <Filter>Source Files</Filter>
    </ClCompile>
    <ClCompile Include="Buffer.cpp">
      <Filter>Source Files</Filter>
    </ClCompile>
    <ClCompile Include="Shader.cpp">
      <Filter>Source Files</Filter>
    </ClCompile>
    <ClCompile Include="VertexArray.cpp">
      <Filter>Source Files</Filter>
    </ClCompile>
    <ClCompile Include="Camera.cpp">
      <Filter>Source Files</Filter>
    </ClCompile>
    <ClCompile Include="Texture.cpp">
      <Filter>Source Files</Filter>
    </ClCompile>
    <ClCompile Include="Mesh.cpp">
      <Filter>Source Files</Filter>
    </ClCompile>
    <ClCompile Include="Model.cpp">
      <Filter>Source Files</Filter>
    </ClCompile>
    <ClCompile Include="ImageLoader.cpp">
      <Filter>Source Files</Filter>
    </ClCompile>
    <ClCompile Include="Chapters\Chapter_practice.cpp">
      <Filter>Source Files</Filter>
    </ClCompile>
    <ClCompile Include="main.cpp">
      <Filter>Source Files</Filter>
    </ClCompile>
    <ClCompile Include="SunLight.cpp">
      <Filter>Source Files</Filter>
    </ClCompile>
    <ClCompile Include="OrthoFrustrum.cpp">
      <Filter>Source Files</Filter>
    </ClCompile>
    <ClCompile Include="ShadowMap2D.cpp">
      <Filter>Source Files</Filter>
    </ClCompile>
    <ClCompile Include="PointLight.cpp">
      <Filter>Source Files</Filter>
    </ClCompile>
    <ClCompile Include="PerspectiveFrustrum.cpp">
      <Filter>Source Files</Filter>
    </ClCompile>
    <ClCompile Include="ShadowCubeMap.cpp">
      <Filter>Source Files</Filter>
    </ClCompile>
    <ClCompile Include="Games\Game.cpp">
      <Filter>Source Files</Filter>
    </ClCompile>
    <ClCompile Include="Games\GameLevel.cpp">
      <Filter>Source Files</Filter>
    </ClCompile>
    <ClCompile Include="Quad.cpp">
      <Filter>Source Files</Filter>
    </ClCompile>
    <ClCompile Include="Games\ParticleSystem.cpp">
      <Filter>Source Files</Filter>
    </ClCompile>
    <ClCompile Include="Games\InstanceSet.cpp">
      <Filter>Source Files</Filter>
    </ClCompile>
    <ClCompile Include="Games\GameObject.cpp">
      <Filter>Source Files</Filter>
    </ClCompile>
    <ClCompile Include="Games\HomeGame\HomeGame.cpp">
      <Filter>Source Files</Filter>
    </ClCompile>
    <ClCompile Include="Games\HomeGame\Level.cpp">
      <Filter>Source Files</Filter>
    </ClCompile>
  </ItemGroup>
  <ItemGroup>
    <ClInclude Include="Window.h">
      <Filter>Header Files</Filter>
    </ClInclude>
    <ClInclude Include="ErrorHandling.h">
      <Filter>Header Files</Filter>
    </ClInclude>
    <ClInclude Include="Buffer.h">
      <Filter>Header Files</Filter>
    </ClInclude>
    <ClInclude Include="Shader.h">
      <Filter>Header Files</Filter>
    </ClInclude>
    <ClInclude Include="VertexArray.h">
      <Filter>Header Files</Filter>
    </ClInclude>
    <ClInclude Include="inputs.h">
      <Filter>Header Files</Filter>
    </ClInclude>
    <ClInclude Include="Camera.h">
      <Filter>Header Files</Filter>
    </ClInclude>
    <ClInclude Include="Texture.h">
      <Filter>Header Files</Filter>
    </ClInclude>
    <ClInclude Include="Mesh.h">
      <Filter>Header Files</Filter>
    </ClInclude>
    <ClInclude Include="Model.h">
      <Filter>Header Files</Filter>
    </ClInclude>
    <ClInclude Include="ImageLoader.h">
      <Filter>Header Files</Filter>
    </ClInclude>
    <ClInclude Include="Chapters\Chapter_practice.h">
      <Filter>Header Files</Filter>
    </ClInclude>
    <ClInclude Include="SunLight.h">
      <Filter>Header Files</Filter>
    </ClInclude>
    <ClInclude Include="OrthoFrustrum.h">
      <Filter>Header Files</Filter>
    </ClInclude>
    <ClInclude Include="ShadowMap2D.h">
      <Filter>Header Files</Filter>
    </ClInclude>
    <ClInclude Include="PointLight.h">
      <Filter>Header Files</Filter>
    </ClInclude>
    <ClInclude Include="PerspectiveFrustrum.h">
      <Filter>Header Files</Filter>
    </ClInclude>
    <ClInclude Include="ShadowCubeMap.h">
      <Filter>Header Files</Filter>
    </ClInclude>
    <ClInclude Include="Games\Game.h">
      <Filter>Header Files</Filter>
    </ClInclude>
    <ClInclude Include="Games\GameLevel.h">
      <Filter>Header Files</Filter>
    </ClInclude>
    <ClInclude Include="Quad.h">
      <Filter>Header Files</Filter>
    </ClInclude>
    <ClInclude Include="Games\ParticleSystem.h">
      <Filter>Header Files</Filter>
    </ClInclude>
    <ClInclude Include="ObjectPool.h">
      <Filter>Header Files</Filter>
    </ClInclude>
    <ClInclude Include="Games\InstanceSet.h">
      <Filter>Header Files</Filter>
    </ClInclude>
    <ClInclude Include="Games\Transform.h">
      <Filter>Header Files</Filter>
    </ClInclude>
    <ClInclude Include="Games\GameObject.h">
      <Filter>Header Files</Filter>
    </ClInclude>
    <ClInclude Include="res\shaders\objects_wlights.shader">
      <Filter>Header Files</Filter>
    </ClInclude>
    <ClInclude Include="res\shaders\zzz_joey.fs">
      <Filter>Header Files</Filter>
    </ClInclude>
    <ClInclude Include="res\shaders\objects_default.shader">
      <Filter>Header Files</Filter>
    </ClInclude>
    <ClInclude Include="Games\HomeGame\HomeGame.h">
      <Filter>Header Files</Filter>
    </ClInclude>
    <ClInclude Include="Games\HomeGame\Level.h">
      <Filter>Header Files</Filter>
    </ClInclude>
    <ClInclude Include="Games\HomeGame\HomePlayer.h">
      <Filter>Header Files</Filter>
    </ClInclude>
    <ClInclude Include="Games\HomeGame\LevelState.h">
      <Filter>Header Files</Filter>
    </ClInclude>
  </ItemGroup>
  <ItemGroup>
    <None Include="res\shaders\basic.shader" />
    <None Include="res\shaders\1_lamp.shader" />
    <None Include="res\shaders\1_object.shader" />
    <None Include="res\shaders\1_myobject.shader" />
    <None Include="res\shaders\debugDepth.shader" />
    <None Include="res\shaders\cubeDepth.shader" />
    <None Include="res\shaders\debugCubeDepth.shader" />
    <None Include="res\shaders\cubemap.shader" />
    <None Include="res\shaders\joey\second.shader" />
    <None Include="res\shaders\joey\first.shader" />
    <None Include="res\shaders\hdr.shader" />
    <None Include="res\shaders\instances_cubeDepth.shader" />
    <None Include="res\shaders\instances_objects_wlights.shader" />
    <None Include="res\shaders\zzz_objects_shadows.shader" />
    <None Include="res\shaders\instances_depth.shader" />
    <None Include="res\shaders\depth.shader" />
    <None Include="res\shaders\instances_colored_quads.shader" />
    <None Include="res\shaders\quads_with_alpha.shader" />
    <None Include="res\shaders\quads_default_walpha.shader" />
    <None Include="res\shaders\quads_default_walpha_4x8.shader" />
  </ItemGroup>
</Project>